
Microsoft Visual Studio Solution File, Format Version 12.00
# Visual Studio Version 17
VisualStudioVersion = 17.9.34728.123
MinimumVisualStudioVersion = 10.0.40219.1
Project("{FAE04EC0-301F-11D3-BF4B-00C04F79EFBC}") = "WindowsFormsApp1", "WindowsFormsApp1.csproj", "{7165F831-5806-4791-AEA4-CAEDA1376FB8}"
EndProject
Global
	GlobalSection(SolutionConfigurationPlatforms) = preSolution
		Debug|Any CPU = Debug|Any CPU
		Release|Any CPU = Release|Any CPU
	EndGlobalSection
	GlobalSection(ProjectConfigurationPlatforms) = postSolution
		{7165F831-5806-4791-AEA4-CAEDA1376FB8}.Debug|Any CPU.ActiveCfg = Debug|Any CPU
		{7165F831-5806-4791-AEA4-CAEDA1376FB8}.Debug|Any CPU.Build.0 = Debug|Any CPU
		{7165F831-5806-4791-AEA4-CAEDA1376FB8}.Release|Any CPU.ActiveCfg = Release|Any CPU
		{7165F831-5806-4791-AEA4-CAEDA1376FB8}.Release|Any CPU.Build.0 = Release|Any CPU
	EndGlobalSection
	GlobalSection(SolutionProperties) = preSolution
		HideSolutionNode = FALSE
	EndGlobalSection
	GlobalSection(ExtensibilityGlobals) = postSolution
		SolutionGuid = {3594EA86-075F-4722-822E-5F67AEA0DF6B}
	EndGlobalSection
EndGlobal
